
Microsoft Visual Studio Solution File, Format Version 12.00
# Visual Studio 15
VisualStudioVersion = 15.0.28307.852
MinimumVisualStudioVersion = 10.0.40219.1
Project("{FAE04EC0-301F-11D3-BF4B-00C04F79EFBC}") = "InformationManagementApp", "InformationManagementApp\InformationManagementApp.csproj", "{793EE702-71BD-48D7-B6A3-0EF98092EEB7}"
EndProject
Global
	GlobalSection(SolutionConfigurationPlatforms) = preSolution
		Debug|Any CPU = Debug|Any CPU
		Release|Any CPU = Release|Any CPU
	EndGlobalSection
	GlobalSection(ProjectConfigurationPlatforms) = postSolution
		{793EE702-71BD-48D7-B6A3-0EF98092EEB7}.Debug|Any CPU.ActiveCfg = Debug|Any CPU
		{793EE702-71BD-48D7-B6A3-0EF98092EEB7}.Debug|Any CPU.Build.0 = Debug|Any CPU
		{793EE702-71BD-48D7-B6A3-0EF98092EEB7}.Release|Any CPU.ActiveCfg = Release|Any CPU
		{793EE702-71BD-48D7-B6A3-0EF98092EEB7}.Release|Any CPU.Build.0 = Release|Any CPU
	EndGlobalSection
	GlobalSection(SolutionProperties) = preSolution
		HideSolutionNode = FALSE
	EndGlobalSection
	GlobalSection(ExtensibilityGlobals) = postSolution
		SolutionGuid = {A663425E-4E2A-49B0-94D9-38EE5AF6C2F4}
	EndGlobalSection
EndGlobal
